{
  "name": "my-npm-component-perfect",
  "version": "1.0.0",
  "lockfileVersion": 2,
  "requires": true,
  "packages": {
    "": {
      "name": "my-npm-component-perfect",
      "version": "1.0.0",
      "license": "ISC",
      "dependencies": {
        "my-npm-component-perfect": "^1.0.0"
      }
    },
    "node_modules/my-npm-component-perfect": {
      "version": "1.0.0",
      "resolved": "https://registry.npmjs.org/my-npm-component-perfect/-/my-npm-component-perfect-1.0.0.tgz",
      "integrity": "sha512-CVB2SR9fNLiE+WR/KrAsjElmZzTxmv/9x4RjTghCDhzhVIfnMhYBXtzJ4zSMGbSSLSmtLyUr/kr7u9ErDNnaUw=="
    }
  },
  "dependencies": {
    "my-npm-component-perfect": {
      "version": "1.0.0",
      "resolved": "https://registry.npmjs.org/my-npm-component-perfect/-/my-npm-component-perfect-1.0.0.tgz",
      "integrity": "sha512-CVB2SR9fNLiE+WR/KrAsjElmZzTxmv/9x4RjTghCDhzhVIfnMhYBXtzJ4zSMGbSSLSmtLyUr/kr7u9ErDNnaUw=="
    }
  }
}
